// !$*UTF8*$!
{
	archiveVersion = 1;
	classes = {
	};
	objectVersion = 46;
	objects = {

/* Begin PBXFileReference section */
		65BD77071AD7D6A400DA8EFC /* SwiftTaskInPlayground.playground */ = {isa = PBXFileReference; lastKnownFileType = file.playground; path = SwiftTaskInPlayground.playground; sourceTree = "<group>"; };
/* End PBXFileReference section */

/* Begin PBXGroup section */
		65BD77001AD7D67E00DA8EFC = {
			isa = PBXGroup;
			children = (
				65BD77071AD7D6A400DA8EFC /* SwiftTaskInPlayground.playground */,
			);
			sourceTree = "<group>";
		};
/* End PBXGroup section */

/* Begin PBXProject section */
		65BD77011AD7D67E00DA8EFC /* Project object */ = {
			isa = PBXProject;
			attributes = {
				LastUpgradeCheck = 0630;
			};
			buildConfigurationList = 65BD77041AD7D67E00DA8EFC /* Build configuration list for PBXProject "SwiftTask in Playground Sources Folder" */;
			compatibilityVersion = "Xcode 3.2";
			developmentRegion = English;
			hasScannedForEncodings = 0;
			knownRegions = (
				en,
			);
			mainGroup = 65BD77001AD7D67E00DA8EFC;
			projectDirPath = "";
			projectRoot = "";
			targets = (
			);
		};
/* End PBXProject section */

/* Begin XCBuildConfiguration section */
		65BD77051AD7D67E00DA8EFC /* Debug */ = {
			isa = XCBuildConfiguration;
			buildSettings = {
			};
			name = Debug;
		};
		65BD77061AD7D67E00DA8EFC /* Release */ = {
			isa = XCBuildConfiguration;
			buildSettings = {
			};
			name = Release;
		};
/* End XCBuildConfiguration section */

/* Begin XCConfigurationList section */
		65BD77041AD7D67E00DA8EFC /* Build configuration list for PBXProject "SwiftTask in Playground Sources Folder" */ = {
			isa = XCConfigurationList;
			buildConfigurations = (
				65BD77051AD7D67E00DA8EFC /* Debug */,
				65BD77061AD7D67E00DA8EFC /* Release */,
			);
			defaultConfigurationIsVisible = 0;
			defaultConfigurationName = Release;
		};
/* End XCConfigurationList section */
	};
	rootObject = 65BD77011AD7D67E00DA8EFC /* Project object */;
}
